{
  "name": "@smallhillcz/sdk",
  "version": "1.0.4",
  "lockfileVersion": 3,
  "requires": true,
  "packages": {
    "": {
      "name": "@smallhillcz/sdk",
      "version": "1.0.4",
      "license": "MIT",
      "dependencies": {
        "@smallhillcz/skeleton": "^1.0.0"
      },
      "bin": {
        "skeleton": "cli/skeleton.sh"
      }
    },
    "node_modules/@smallhillcz/skeleton": {
      "version": "1.0.0",
      "resolved": "https://registry.npmjs.org/@smallhillcz/skeleton/-/skeleton-1.0.0.tgz",
      "integrity": "sha512-8A1UlCEnyzV32RZ0UiA//Hjg2DgB6BpMPDXHhp7VN2TkXkUh9sH7FUQt7hxeZRoU2Lh9QBWNIIdQ4Rx8rlcEvA==",
      "license": "MIT",
      "bin": {
        "skeleton": "cli/skeleton.sh"
      }
    }
  }
}
